
Microsoft Visual Studio Solution File, Format Version 12.00
# Visual Studio Version 16
VisualStudioVersion = 16.0.29709.97
MinimumVisualStudioVersion = 10.0.40219.1
Project("{FAE04EC0-301F-11D3-BF4B-00C04F79EFBC}") = "IcalNotifier", "IcalNotifier.csproj", "{E62A2821-1D1F-4960-AB39-66AC0232CA6E}"
EndProject
Global
	GlobalSection(SolutionConfigurationPlatforms) = preSolution
		Debug|Any CPU = Debug|Any CPU
		Release|Any CPU = Release|Any CPU
	EndGlobalSection
	GlobalSection(ProjectConfigurationPlatforms) = postSolution
		{E62A2821-1D1F-4960-AB39-66AC0232CA6E}.Debug|Any CPU.ActiveCfg = Debug|Any CPU
		{E62A2821-1D1F-4960-AB39-66AC0232CA6E}.Debug|Any CPU.Build.0 = Debug|Any CPU
		{E62A2821-1D1F-4960-AB39-66AC0232CA6E}.Release|Any CPU.ActiveCfg = Release|Any CPU
		{E62A2821-1D1F-4960-AB39-66AC0232CA6E}.Release|Any CPU.Build.0 = Release|Any CPU
	EndGlobalSection
	GlobalSection(SolutionProperties) = preSolution
		HideSolutionNode = FALSE
	EndGlobalSection
	GlobalSection(ExtensibilityGlobals) = postSolution
		SolutionGuid = {CA98DAAC-935C-4D56-8513-F45AFD0D8EF4}
	EndGlobalSection
EndGlobal
